
Microsoft Visual Studio Solution File, Format Version 12.00
# Visual Studio Version 17
VisualStudioVersion = 17.11.35303.130
MinimumVisualStudioVersion = 10.0.40219.1
Project("{FAE04EC0-301F-11D3-BF4B-00C04F79EFBC}") = "Bakery", "Bakery\Bakery.csproj", "{939449BF-1F20-472F-B563-0A9FB06E06AB}"
EndProject
Global
	GlobalSection(SolutionConfigurationPlatforms) = preSolution
		Debug|Any CPU = Debug|Any CPU
		Release|Any CPU = Release|Any CPU
	EndGlobalSection
	GlobalSection(ProjectConfigurationPlatforms) = postSolution
		{939449BF-1F20-472F-B563-0A9FB06E06AB}.Debug|Any CPU.ActiveCfg = Debug|Any CPU
		{939449BF-1F20-472F-B563-0A9FB06E06AB}.Debug|Any CPU.Build.0 = Debug|Any CPU
		{939449BF-1F20-472F-B563-0A9FB06E06AB}.Release|Any CPU.ActiveCfg = Release|Any CPU
		{939449BF-1F20-472F-B563-0A9FB06E06AB}.Release|Any CPU.Build.0 = Release|Any CPU
	EndGlobalSection
	GlobalSection(SolutionProperties) = preSolution
		HideSolutionNode = FALSE
	EndGlobalSection
	GlobalSection(ExtensibilityGlobals) = postSolution
		SolutionGuid = {0FC08690-55B7-42EE-B69D-F80E36E156DB}
	EndGlobalSection
EndGlobal
